
Microsoft Visual Studio Solution File, Format Version 12.00
# Visual Studio Version 17
VisualStudioVersion = 17.3.32922.545
MinimumVisualStudioVersion = 10.0.40219.1
Project("{FAE04EC0-301F-11D3-BF4B-00C04F79EFBC}") = "Send", "RabbitMQTest\Send.csproj", "{774B2334-6A45-44DE-93BE-C54B98CD2DA4}"
EndProject
Project("{FAE04EC0-301F-11D3-BF4B-00C04F79EFBC}") = "Receive", "Receive\Receive.csproj", "{FA88D7D2-14CA-469F-853E-2743B538472C}"
EndProject
Global
	GlobalSection(SolutionConfigurationPlatforms) = preSolution
		Debug|Any CPU = Debug|Any CPU
		Release|Any CPU = Release|Any CPU
	EndGlobalSection
	GlobalSection(ProjectConfigurationPlatforms) = postSolution
		{774B2334-6A45-44DE-93BE-C54B98CD2DA4}.Debug|Any CPU.ActiveCfg = Debug|Any CPU
		{774B2334-6A45-44DE-93BE-C54B98CD2DA4}.Debug|Any CPU.Build.0 = Debug|Any CPU
		{774B2334-6A45-44DE-93BE-C54B98CD2DA4}.Release|Any CPU.ActiveCfg = Release|Any CPU
		{774B2334-6A45-44DE-93BE-C54B98CD2DA4}.Release|Any CPU.Build.0 = Release|Any CPU
		{FA88D7D2-14CA-469F-853E-2743B538472C}.Debug|Any CPU.ActiveCfg = Debug|Any CPU
		{FA88D7D2-14CA-469F-853E-2743B538472C}.Debug|Any CPU.Build.0 = Debug|Any CPU
		{FA88D7D2-14CA-469F-853E-2743B538472C}.Release|Any CPU.ActiveCfg = Release|Any CPU
		{FA88D7D2-14CA-469F-853E-2743B538472C}.Release|Any CPU.Build.0 = Release|Any CPU
	EndGlobalSection
	GlobalSection(SolutionProperties) = preSolution
		HideSolutionNode = FALSE
	EndGlobalSection
	GlobalSection(ExtensibilityGlobals) = postSolution
		SolutionGuid = {E30B2CA8-A539-4B3D-A807-D4971566349A}
	EndGlobalSection
EndGlobal
